// !$*UTF8*$!
{
	archiveVersion = 1;
	classes = {
	};
	objectVersion = 46;
	objects = {

/* Begin PBXBuildFile section */
		7503FFE219D9D294004A4078 /* Loading.atlas in Resources */ = {isa = PBXBuildFile; fileRef = 7503FFE119D9D294004A4078 /* Loading.atlas */; };
		7503FFE519D9F585004A4078 /* RTBotao.m in Sources */ = {isa = PBXBuildFile; fileRef = 7503FFE419D9F585004A4078 /* RTBotao.m */; };
		7503FFE719D9F5FD004A4078 /* B2_Animacao.atlas in Resources */ = {isa = PBXBuildFile; fileRef = 7503FFE619D9F5FD004A4078 /* B2_Animacao.atlas */; };
		7503FFEC19D9F616004A4078 /* botaoDireita.atlas in Resources */ = {isa = PBXBuildFile; fileRef = 7503FFE919D9F616004A4078 /* botaoDireita.atlas */; };
		7503FFED19D9F616004A4078 /* botaoEsquerda.atlas in Resources */ = {isa = PBXBuildFile; fileRef = 7503FFEA19D9F616004A4078 /* botaoEsquerda.atlas */; };
		7503FFEE19D9F616004A4078 /* botaoPlay.atlas in Resources */ = {isa = PBXBuildFile; fileRef = 7503FFEB19D9F616004A4078 /* botaoPlay.atlas */; };
		7503FFF119D9F66B004A4078 /* B2_Body.png in Resources */ = {isa = PBXBuildFile; fileRef = 7503FFF019D9F66B004A4078 /* B2_Body.png */; };
		7503FFF419D9F95C004A4078 /* RTFacebook.m in Sources */ = {isa = PBXBuildFile; fileRef = 7503FFF319D9F95C004A4078 /* RTFacebook.m */; };
		7531155119C8B55F00EC3955 /* Foundation.framework in Frameworks */ = {isa = PBXBuildFile; fileRef = 7531155019C8B55F00EC3955 /* Foundation.framework */; };
		7531155519C8B55F00EC3955 /* UIKit.framework in Frameworks */ = {isa = PBXBuildFile; fileRef = 7531155419C8B55F00EC3955 /* UIKit.framework */; };
		7531155719C8B55F00EC3955 /* CoreData.framework in Frameworks */ = {isa = PBXBuildFile; fileRef = 7531155619C8B55F00EC3955 /* CoreData.framework */; };
		7531155D19C8B55F00EC3955 /* InfoPlist.strings in Resources */ = {isa = PBXBuildFile; fileRef = 7531155B19C8B55F00EC3955 /* InfoPlist.strings */; };
		7531155F19C8B55F00EC3955 /* main.m in Sources */ = {isa = PBXBuildFile; fileRef = 7531155E19C8B55F00EC3955 /* main.m */; };
		7531156319C8B55F00EC3955 /* RTAppDelegate.m in Sources */ = {isa = PBXBuildFile; fileRef = 7531156219C8B55F00EC3955 /* RTAppDelegate.m */; };
		7531156619C8B55F00EC3955 /* Robotunes.xcdatamodeld in Sources */ = {isa = PBXBuildFile; fileRef = 7531156419C8B55F00EC3955 /* Robotunes.xcdatamodeld */; };
		7531156819C8B55F00EC3955 /* Images.xcassets in Resources */ = {isa = PBXBuildFile; fileRef = 7531156719C8B55F00EC3955 /* Images.xcassets */; };
		7531156F19C8B55F00EC3955 /* XCTest.framework in Frameworks */ = {isa = PBXBuildFile; fileRef = 7531156E19C8B55F00EC3955 /* XCTest.framework */; };
		7531157019C8B55F00EC3955 /* Foundation.framework in Frameworks */ = {isa = PBXBuildFile; fileRef = 7531155019C8B55F00EC3955 /* Foundation.framework */; };
		7531157119C8B55F00EC3955 /* UIKit.framework in Frameworks */ = {isa = PBXBuildFile; fileRef = 7531155419C8B55F00EC3955 /* UIKit.framework */; };
		7531157219C8B55F00EC3955 /* CoreData.framework in Frameworks */ = {isa = PBXBuildFile; fileRef = 7531155619C8B55F00EC3955 /* CoreData.framework */; };
		7531157A19C8B55F00EC3955 /* InfoPlist.strings in Resources */ = {isa = PBXBuildFile; fileRef = 7531157819C8B55F00EC3955 /* InfoPlist.strings */; };
		7531157C19C8B55F00EC3955 /* RobotunesTests.m in Sources */ = {isa = PBXBuildFile; fileRef = 7531157B19C8B55F00EC3955 /* RobotunesTests.m */; };
		7531158C19C8C9F300EC3955 /* RTViewControllerTeste.m in Sources */ = {isa = PBXBuildFile; fileRef = 7531158B19C8C9F300EC3955 /* RTViewControllerTeste.m */; };
		7531159219C8CCA200EC3955 /* Storyboard.storyboard in Resources */ = {isa = PBXBuildFile; fileRef = 7531159119C8CCA200EC3955 /* Storyboard.storyboard */; };
		755FAE9219C8D5CE005A818D /* RTBancoDeDadosController.m in Sources */ = {isa = PBXBuildFile; fileRef = 755FAE9119C8D5CE005A818D /* RTBancoDeDadosController.m */; };
		7598150B19CB5B40003487E8 /* RobotuneB2.png in Resources */ = {isa = PBXBuildFile; fileRef = 7598150719CB5B40003487E8 /* RobotuneB2.png */; };
		7598150C19CB5B40003487E8 /* RobotuneR1.png in Resources */ = {isa = PBXBuildFile; fileRef = 7598150819CB5B40003487E8 /* RobotuneR1.png */; };
		7598150D19CB5B40003487E8 /* RobotuneY3.png in Resources */ = {isa = PBXBuildFile; fileRef = 7598150919CB5B40003487E8 /* RobotuneY3.png */; };
		75F1603919DB2B7E00223506 /* RTRankingViewController.m in Sources */ = {isa = PBXBuildFile; fileRef = 75F1603819DB2B7E00223506 /* RTRankingViewController.m */; };
		75F1603E19DB474F00223506 /* animacaoR1.atlas in Resources */ = {isa = PBXBuildFile; fileRef = 75F1603B19DB474F00223506 /* animacaoR1.atlas */; };
		75F1603F19DB474F00223506 /* R1_cabeca.png in Resources */ = {isa = PBXBuildFile; fileRef = 75F1603C19DB474F00223506 /* R1_cabeca.png */; };
		75F1604019DB474F00223506 /* R1_corpo.png in Resources */ = {isa = PBXBuildFile; fileRef = 75F1603D19DB474F00223506 /* R1_corpo.png */; };
		9495973719D5DFDB00226DF3 /* Botoes.atlas in Resources */ = {isa = PBXBuildFile; fileRef = 9495973619D5DFDB00226DF3 /* Botoes.atlas */; };
		9495973919D5DFE300226DF3 /* Fundos.atlas in Resources */ = {isa = PBXBuildFile; fileRef = 9495973819D5DFE300226DF3 /* Fundos.atlas */; };
		9495974319D5E01000226DF3 /* Bicycle.mp3 in Resources */ = {isa = PBXBuildFile; fileRef = 9495973D19D5E01000226DF3 /* Bicycle.mp3 */; };
		9495974419D5E01000226DF3 /* Carefree.mp3 in Resources */ = {isa = PBXBuildFile; fileRef = 9495973E19D5E01000226DF3 /* Carefree.mp3 */; };
		9495974519D5E01000226DF3 /* How it Begins.mp3 in Resources */ = {isa = PBXBuildFile; fileRef = 9495973F19D5E01000226DF3 /* How it Begins.mp3 */; };
		9495974619D5E01000226DF3 /* Licensas Musicas.txt in Resources */ = {isa = PBXBuildFile; fileRef = 9495974019D5E01000226DF3 /* Licensas Musicas.txt */; };
		9495974719D5E01000226DF3 /* New Friendly.mp3 in Resources */ = {isa = PBXBuildFile; fileRef = 9495974119D5E01000226DF3 /* New Friendly.mp3 */; };
		9495974819D5E01000226DF3 /* Wallpaper.mp3 in Resources */ = {isa = PBXBuildFile; fileRef = 9495974219D5E01000226DF3 /* Wallpaper.mp3 */; };
		9495974E19D5E03800226DF3 /* Completas.atlas in Resources */ = {isa = PBXBuildFile; fileRef = 9495974B19D5E03800226DF3 /* Completas.atlas */; };
		9495974F19D5E03800226DF3 /* Quebradas.atlas in Resources */ = {isa = PBXBuildFile; fileRef = 9495974D19D5E03800226DF3 /* Quebradas.atlas */; };
		9495975119D5E08000226DF3 /* Fundos1.atlas in Resources */ = {isa = PBXBuildFile; fileRef = 9495975019D5E08000226DF3 /* Fundos1.atlas */; };
		9495975319D5E18900226DF3 /* CenaGameOver.atlas in Resources */ = {isa = PBXBuildFile; fileRef = 9495975219D5E18900226DF3 /* CenaGameOver.atlas */; };
		9495975519D5E1EC00226DF3 /* logo.png in Resources */ = {isa = PBXBuildFile; fileRef = 9495975419D5E1EC00226DF3 /* logo.png */; };
		9495975B19D5E29900226DF3 /* chao.png in Resources */ = {isa = PBXBuildFile; fileRef = 9495975A19D5E29900226DF3 /* chao.png */; };
		94B2661D19D20E90005BAEC9 /* RTCenaGameOver.m in Sources */ = {isa = PBXBuildFile; fileRef = 94B2661C19D20E90005BAEC9 /* RTCenaGameOver.m */; };
		94C0FB8419CA04B200E2C5BC /* Bolts.framework in Frameworks */ = {isa = PBXBuildFile; fileRef = 94C0FB8219CA04B200E2C5BC /* Bolts.framework */; };
		94C0FB8519CA04B200E2C5BC /* FacebookSDK.framework in Frameworks */ = {isa = PBXBuildFile; fileRef = 94C0FB8319CA04B200E2C5BC /* FacebookSDK.framework */; };
		94C0FB8819CA04C600E2C5BC /* Parse.framework in Frameworks */ = {isa = PBXBuildFile; fileRef = 94C0FB8619CA04C600E2C5BC /* Parse.framework */; };
		94C0FB8919CA04C600E2C5BC /* ParseFacebookUtils.framework in Frameworks */ = {isa = PBXBuildFile; fileRef = 94C0FB8719CA04C600E2C5BC /* ParseFacebookUtils.framework */; settings = {ATTRIBUTES = (Required, ); }; };
		94C0FB8C19CA052A00E2C5BC /* RTDadosParse.m in Sources */ = {isa = PBXBuildFile; fileRef = 94C0FB8B19CA052A00E2C5BC /* RTDadosParse.m */; };
		94C0FB8E19CA0A6A00E2C5BC /* AudioToolbox.framework in Frameworks */ = {isa = PBXBuildFile; fileRef = 94C0FB8D19CA0A6A00E2C5BC /* AudioToolbox.framework */; };
		94C0FB9019CA0A7500E2C5BC /* CFNetwork.framework in Frameworks */ = {isa = PBXBuildFile; fileRef = 94C0FB8F19CA0A7400E2C5BC /* CFNetwork.framework */; };
		94C0FB9219CA0AA900E2C5BC /* libz.dylib in Frameworks */ = {isa = PBXBuildFile; fileRef = 94C0FB9119CA0AA900E2C5BC /* libz.dylib */; };
		94C0FB9419CA0AB400E2C5BC /* MobileCoreServices.framework in Frameworks */ = {isa = PBXBuildFile; fileRef = 94C0FB9319CA0AB400E2C5BC /* MobileCoreServices.framework */; };
		94C0FB9619CA0AC200E2C5BC /* StoreKit.framework in Frameworks */ = {isa = PBXBuildFile; fileRef = 94C0FB9519CA0AC200E2C5BC /* StoreKit.framework */; };
		94C0FB9819CA0AD200E2C5BC /* Security.framework in Frameworks */ = {isa = PBXBuildFile; fileRef = 94C0FB9719CA0AD200E2C5BC /* Security.framework */; };
		94C0FB9A19CA0ADC00E2C5BC /* SystemConfiguration.framework in Frameworks */ = {isa = PBXBuildFile; fileRef = 94C0FB9919CA0ADC00E2C5BC /* SystemConfiguration.framework */; };
		94EBA82719D1E66900D390C0 /* RT_nuvenzinhas.png in Resources */ = {isa = PBXBuildFile; fileRef = 94EBA82619D1E66900D390C0 /* RT_nuvenzinhas.png */; };
		94F46EED19D1EA960066BC33 /* Nuvens.atlas in Resources */ = {isa = PBXBuildFile; fileRef = 94F46EEC19D1EA960066BC33 /* Nuvens.atlas */; };
		94FA409B19D3596800D60E24 /* RTHUD.m in Sources */ = {isa = PBXBuildFile; fileRef = 94FA409A19D3596800D60E24 /* RTHUD.m */; };
		94FA409D19D35B6100D60E24 /* HUD_barrinha.png in Resources */ = {isa = PBXBuildFile; fileRef = 94FA409C19D35B6100D60E24 /* HUD_barrinha.png */; };
		C5B3791519D0B5DC00E07DA2 /* RTNuvem.m in Sources */ = {isa = PBXBuildFile; fileRef = C5B3791419D0B5DC00E07DA2 /* RTNuvem.m */; };
		C5B3791919D0BAB900E07DA2 /* RTNuvenzinhas.png in Resources */ = {isa = PBXBuildFile; fileRef = C5B3791819D0BAB900E07DA2 /* RTNuvenzinhas.png */; };
		C5B85A4919CDDABD00446492 /* Reachability.m in Sources */ = {isa = PBXBuildFile; fileRef = C5B85A4819CDDABD00446492 /* Reachability.m */; };
		C5B85A4D19CDDAD000446492 /* Usuario.m in Sources */ = {isa = PBXBuildFile; fileRef = C5B85A4C19CDDAD000446492 /* Usuario.m */; };
		C5B85A5019CDDB0200446492 /* RTUteis.m in Sources */ = {isa = PBXBuildFile; fileRef = C5B85A4F19CDDB0200446492 /* RTUteis.m */; };
		C5F8526C19CC82E800C6A0A4 /* Musica.m in Sources */ = {isa = PBXBuildFile; fileRef = C5F8526B19CC82E800C6A0A4 /* Musica.m */; };
		C5F8527019CC833900C6A0A4 /* RTBarraStatus.m in Sources */ = {isa = PBXBuildFile; fileRef = C5F8526F19CC833900C6A0A4 /* RTBarraStatus.m */; };
		CDEA606B19C8B8340099EEA7 /* RTJogador.m in Sources */ = {isa = PBXBuildFile; fileRef = CDEA606A19C8B8340099EEA7 /* RTJogador.m */; };
		CDEA606E19C8BBAF0099EEA7 /* RTViewController.m in Sources */ = {isa = PBXBuildFile; fileRef = CDEA606D19C8BBAF0099EEA7 /* RTViewController.m */; };
		CDEA607219C8BBCA0099EEA7 /* RTCenaMenu.m in Sources */ = {isa = PBXBuildFile; fileRef = CDEA607119C8BBCA0099EEA7 /* RTCenaMenu.m */; };
		CDEA607519C8BBD90099EEA7 /* RTCenaJogo.m in Sources */ = {isa = PBXBuildFile; fileRef = CDEA607419C8BBD90099EEA7 /* RTCenaJogo.m */; };
		CDEA607B19C8BC160099EEA7 /* RTMusica.m in Sources */ = {isa = PBXBuildFile; fileRef = CDEA607A19C8BC160099EEA7 /* RTMusica.m */; };
		CDEA607E19C8BC240099EEA7 /* RTNota.m in Sources */ = {isa = PBXBuildFile; fileRef = CDEA607D19C8BC240099EEA7 /* RTNota.m */; };
/* End PBXBuildFile section */

/* Begin PBXContainerItemProxy section */
		7531157319C8B55F00EC3955 /* PBXContainerItemProxy */ = {
			isa = PBXContainerItemProxy;
			containerPortal = 7531154519C8B55F00EC3955 /* Project object */;
			proxyType = 1;
			remoteGlobalIDString = 7531154C19C8B55F00EC3955;
			remoteInfo = Robotunes;
		};
/* End PBXContainerItemProxy section */

/* Begin PBXFileReference section */
		7503FFE119D9D294004A4078 /* Loading.atlas */ = {isa = PBXFileReference; lastKnownFileType = folder.skatlas; path = Loading.atlas; sourceTree = "<group>"; };
		7503FFE319D9F585004A4078 /* RTBotao.h */ = {isa = PBXFileReference; fileEncoding = 4; lastKnownFileType = sourcecode.c.h; path = RTBotao.h; sourceTree = "<group>"; };
		7503FFE419D9F585004A4078 /* RTBotao.m */ = {isa = PBXFileReference; fileEncoding = 4; lastKnownFileType = sourcecode.c.objc; path = RTBotao.m; sourceTree = "<group>"; };
		7503FFE619D9F5FD004A4078 /* B2_Animacao.atlas */ = {isa = PBXFileReference; lastKnownFileType = folder.skatlas; name = B2_Animacao.atlas; path = "../Robo B2/B2_Animacao.atlas"; sourceTree = "<group>"; };
		7503FFE919D9F616004A4078 /* botaoDireita.atlas */ = {isa = PBXFileReference; lastKnownFileType = folder.skatlas; path = botaoDireita.atlas; sourceTree = "<group>"; };
		7503FFEA19D9F616004A4078 /* botaoEsquerda.atlas */ = {isa = PBXFileReference; lastKnownFileType = folder.skatlas; path = botaoEsquerda.atlas; sourceTree = "<group>"; };
		7503FFEB19D9F616004A4078 /* botaoPlay.atlas */ = {isa = PBXFileReference; lastKnownFileType = folder.skatlas; path = botaoPlay.atlas; sourceTree = "<group>"; };
		7503FFF019D9F66B004A4078 /* B2_Body.png */ = {isa = PBXFileReference; lastKnownFileType = image.png; path = B2_Body.png; sourceTree = "<group>"; };
		7503FFF219D9F95C004A4078 /* RTFacebook.h */ = {isa = PBXFileReference; fileEncoding = 4; lastKnownFileType = sourcecode.c.h; path = RTFacebook.h; sourceTree = "<group>"; };
		7503FFF319D9F95C004A4078 /* RTFacebook.m */ = {isa = PBXFileReference; fileEncoding = 4; lastKnownFileType = sourcecode.c.objc; path = RTFacebook.m; sourceTree = "<group>"; };
		7531154D19C8B55F00EC3955 /* Robotunes.app */ = {isa = PBXFileReference; explicitFileType = wrapper.application; includeInIndex = 0; path = Robotunes.app; sourceTree = BUILT_PRODUCTS_DIR; };
		7531155019C8B55F00EC3955 /* Foundation.framework */ = {isa = PBXFileReference; lastKnownFileType = wrapper.framework; name = Foundation.framework; path = System/Library/Frameworks/Foundation.framework; sourceTree = SDKROOT; };
		7531155219C8B55F00EC3955 /* CoreGraphics.framework */ = {isa = PBXFileReference; lastKnownFileType = wrapper.framework; name = CoreGraphics.framework; path = System/Library/Frameworks/CoreGraphics.framework; sourceTree = SDKROOT; };
		7531155419C8B55F00EC3955 /* UIKit.framework */ = {isa = PBXFileReference; lastKnownFileType = wrapper.framework; name = UIKit.framework; path = System/Library/Frameworks/UIKit.framework; sourceTree = SDKROOT; };
		7531155619C8B55F00EC3955 /* CoreData.framework */ = {isa = PBXFileReference; lastKnownFileType = wrapper.framework; name = CoreData.framework; path = System/Library/Frameworks/CoreData.framework; sourceTree = SDKROOT; };
		7531155A19C8B55F00EC3955 /* Robotunes-Info.plist */ = {isa = PBXFileReference; lastKnownFileType = text.plist.xml; path = "Robotunes-Info.plist"; sourceTree = "<group>"; };
		7531155C19C8B55F00EC3955 /* en */ = {isa = PBXFileReference; lastKnownFileType = text.plist.strings; name = en; path = en.lproj/InfoPlist.strings; sourceTree = "<group>"; };
		7531155E19C8B55F00EC3955 /* main.m */ = {isa = PBXFileReference; lastKnownFileType = sourcecode.c.objc; path = main.m; sourceTree = "<group>"; };
		7531156019C8B55F00EC3955 /* Robotunes-Prefix.pch */ = {isa = PBXFileReference; lastKnownFileType = sourcecode.c.h; path = "Robotunes-Prefix.pch"; sourceTree = "<group>"; };
		7531156119C8B55F00EC3955 /* RTAppDelegate.h */ = {isa = PBXFileReference; lastKnownFileType = sourcecode.c.h; path = RTAppDelegate.h; sourceTree = "<group>"; };
		7531156219C8B55F00EC3955 /* RTAppDelegate.m */ = {isa = PBXFileReference; lastKnownFileType = sourcecode.c.objc; path = RTAppDelegate.m; sourceTree = "<group>"; };
		7531156519C8B55F00EC3955 /* Robotunes.xcdatamodel */ = {isa = PBXFileReference; lastKnownFileType = wrapper.xcdatamodel; path = Robotunes.xcdatamodel; sourceTree = "<group>"; };
		7531156719C8B55F00EC3955 /* Images.xcassets */ = {isa = PBXFileReference; lastKnownFileType = folder.assetcatalog; path = Images.xcassets; sourceTree = "<group>"; };
		7531156D19C8B55F00EC3955 /* RobotunesTests.xctest */ = {isa = PBXFileReference; explicitFileType = wrapper.cfbundle; includeInIndex = 0; path = RobotunesTests.xctest; sourceTree = BUILT_PRODUCTS_DIR; };
		7531156E19C8B55F00EC3955 /* XCTest.framework */ = {isa = PBXFileReference; lastKnownFileType = wrapper.framework; name = XCTest.framework; path = Library/Frameworks/XCTest.framework; sourceTree = DEVELOPER_DIR; };
		7531157719C8B55F00EC3955 /* RobotunesTests-Info.plist */ = {isa = PBXFileReference; lastKnownFileType = text.plist.xml; path = "RobotunesTests-Info.plist"; sourceTree = "<group>"; };
		7531157919C8B55F00EC3955 /* en */ = {isa = PBXFileReference; lastKnownFileType = text.plist.strings; name = en; path = en.lproj/InfoPlist.strings; sourceTree = "<group>"; };
		7531157B19C8B55F00EC3955 /* RobotunesTests.m */ = {isa = PBXFileReference; lastKnownFileType = sourcecode.c.objc; path = RobotunesTests.m; sourceTree = "<group>"; };
		7531158A19C8C9F300EC3955 /* RTViewControllerTeste.h */ = {isa = PBXFileReference; fileEncoding = 4; lastKnownFileType = sourcecode.c.h; path = RTViewControllerTeste.h; sourceTree = "<group>"; };
		7531158B19C8C9F300EC3955 /* RTViewControllerTeste.m */ = {isa = PBXFileReference; fileEncoding = 4; lastKnownFileType = sourcecode.c.objc; path = RTViewControllerTeste.m; sourceTree = "<group>"; };
		7531159119C8CCA200EC3955 /* Storyboard.storyboard */ = {isa = PBXFileReference; fileEncoding = 4; lastKnownFileType = file.storyboard; path = Storyboard.storyboard; sourceTree = "<group>"; };
		755FAE9019C8D5CE005A818D /* RTBancoDeDadosController.h */ = {isa = PBXFileReference; fileEncoding = 4; lastKnownFileType = sourcecode.c.h; path = RTBancoDeDadosController.h; sourceTree = "<group>"; };
		755FAE9119C8D5CE005A818D /* RTBancoDeDadosController.m */ = {isa = PBXFileReference; fileEncoding = 4; lastKnownFileType = sourcecode.c.objc; path = RTBancoDeDadosController.m; sourceTree = "<group>"; };
		7598150719CB5B40003487E8 /* RobotuneB2.png */ = {isa = PBXFileReference; lastKnownFileType = image.png; path = RobotuneB2.png; sourceTree = "<group>"; };
		7598150819CB5B40003487E8 /* RobotuneR1.png */ = {isa = PBXFileReference; lastKnownFileType = image.png; path = RobotuneR1.png; sourceTree = "<group>"; };
		7598150919CB5B40003487E8 /* RobotuneY3.png */ = {isa = PBXFileReference; lastKnownFileType = image.png; path = RobotuneY3.png; sourceTree = "<group>"; };
		75F1603719DB2B7E00223506 /* RTRankingViewController.h */ = {isa = PBXFileReference; fileEncoding = 4; lastKnownFileType = sourcecode.c.h; path = RTRankingViewController.h; sourceTree = "<group>"; };
		75F1603819DB2B7E00223506 /* RTRankingViewController.m */ = {isa = PBXFileReference; fileEncoding = 4; lastKnownFileType = sourcecode.c.objc; path = RTRankingViewController.m; sourceTree = "<group>"; };
		75F1603B19DB474F00223506 /* animacaoR1.atlas */ = {isa = PBXFileReference; lastKnownFileType = folder.skatlas; path = animacaoR1.atlas; sourceTree = "<group>"; };
		75F1603C19DB474F00223506 /* R1_cabeca.png */ = {isa = PBXFileReference; lastKnownFileType = image.png; path = R1_cabeca.png; sourceTree = "<group>"; };
		75F1603D19DB474F00223506 /* R1_corpo.png */ = {isa = PBXFileReference; lastKnownFileType = image.png; path = R1_corpo.png; sourceTree = "<group>"; };
		9495973619D5DFDB00226DF3 /* Botoes.atlas */ = {isa = PBXFileReference; lastKnownFileType = folder.skatlas; path = Botoes.atlas; sourceTree = "<group>"; };
		9495973819D5DFE300226DF3 /* Fundos.atlas */ = {isa = PBXFileReference; lastKnownFileType = folder.skatlas; path = Fundos.atlas; sourceTree = "<group>"; };
		9495973D19D5E01000226DF3 /* Bicycle.mp3 */ = {isa = PBXFileReference; lastKnownFileType = audio.mp3; path = Bicycle.mp3; sourceTree = "<group>"; };
		9495973E19D5E01000226DF3 /* Carefree.mp3 */ = {isa = PBXFileReference; lastKnownFileType = audio.mp3; path = Carefree.mp3; sourceTree = "<group>"; };
		9495973F19D5E01000226DF3 /* How it Begins.mp3 */ = {isa = PBXFileReference; lastKnownFileType = audio.mp3; path = "How it Begins.mp3"; sourceTree = "<group>"; };
		9495974019D5E01000226DF3 /* Licensas Musicas.txt */ = {isa = PBXFileReference; fileEncoding = 4; lastKnownFileType = text; path = "Licensas Musicas.txt"; sourceTree = "<group>"; };
		9495974119D5E01000226DF3 /* New Friendly.mp3 */ = {isa = PBXFileReference; lastKnownFileType = audio.mp3; path = "New Friendly.mp3"; sourceTree = "<group>"; };
		9495974219D5E01000226DF3 /* Wallpaper.mp3 */ = {isa = PBXFileReference; lastKnownFileType = audio.mp3; path = Wallpaper.mp3; sourceTree = "<group>"; };
		9495974B19D5E03800226DF3 /* Completas.atlas */ = {isa = PBXFileReference; lastKnownFileType = folder.skatlas; path = Completas.atlas; sourceTree = "<group>"; };
		9495974D19D5E03800226DF3 /* Quebradas.atlas */ = {isa = PBXFileReference; lastKnownFileType = folder.skatlas; path = Quebradas.atlas; sourceTree = "<group>"; };
		9495975019D5E08000226DF3 /* Fundos1.atlas */ = {isa = PBXFileReference; lastKnownFileType = folder.skatlas; path = Fundos1.atlas; sourceTree = "<group>"; };
		9495975219D5E18900226DF3 /* CenaGameOver.atlas */ = {isa = PBXFileReference; lastKnownFileType = folder.skatlas; path = CenaGameOver.atlas; sourceTree = "<group>"; };
		9495975419D5E1EC00226DF3 /* logo.png */ = {isa = PBXFileReference; lastKnownFileType = image.png; path = logo.png; sourceTree = "<group>"; };
		9495975A19D5E29900226DF3 /* chao.png */ = {isa = PBXFileReference; lastKnownFileType = image.png; path = chao.png; sourceTree = "<group>"; };
		94B2661B19D20E90005BAEC9 /* RTCenaGameOver.h */ = {isa = PBXFileReference; fileEncoding = 4; lastKnownFileType = sourcecode.c.h; path = RTCenaGameOver.h; sourceTree = "<group>"; };
		94B2661C19D20E90005BAEC9 /* RTCenaGameOver.m */ = {isa = PBXFileReference; fileEncoding = 4; lastKnownFileType = sourcecode.c.objc; path = RTCenaGameOver.m; sourceTree = "<group>"; };
		94C0FB8219CA04B200E2C5BC /* Bolts.framework */ = {isa = PBXFileReference; lastKnownFileType = wrapper.framework; name = Bolts.framework; path = Robotunes/Frameworks/FacebookSDK/Bolts.framework; sourceTree = "<group>"; };
		94C0FB8319CA04B200E2C5BC /* FacebookSDK.framework */ = {isa = PBXFileReference; lastKnownFileType = wrapper.framework; name = FacebookSDK.framework; path = Robotunes/Frameworks/FacebookSDK/FacebookSDK.framework; sourceTree = "<group>"; };
		94C0FB8619CA04C600E2C5BC /* Parse.framework */ = {isa = PBXFileReference; lastKnownFileType = wrapper.framework; name = Parse.framework; path = Robotunes/Frameworks/Parse/Parse.framework; sourceTree = "<group>"; };
		94C0FB8719CA04C600E2C5BC /* ParseFacebookUtils.framework */ = {isa = PBXFileReference; lastKnownFileType = wrapper.framework; name = ParseFacebookUtils.framework; path = Robotunes/Frameworks/Parse/ParseFacebookUtils.framework; sourceTree = "<group>"; };
		94C0FB8A19CA052A00E2C5BC /* RTDadosParse.h */ = {isa = PBXFileReference; fileEncoding = 4; lastKnownFileType = sourcecode.c.h; path = RTDadosParse.h; sourceTree = "<group>"; };
		94C0FB8B19CA052A00E2C5BC /* RTDadosParse.m */ = {isa = PBXFileReference; fileEncoding = 4; lastKnownFileType = sourcecode.c.objc; path = RTDadosParse.m; sourceTree = "<group>"; };
		94C0FB8D19CA0A6A00E2C5BC /* AudioToolbox.framework */ = {isa = PBXFileReference; lastKnownFileType = wrapper.framework; name = AudioToolbox.framework; path = System/Library/Frameworks/AudioToolbox.framework; sourceTree = SDKROOT; };
		94C0FB8F19CA0A7400E2C5BC /* CFNetwork.framework */ = {isa = PBXFileReference; lastKnownFileType = wrapper.framework; name = CFNetwork.framework; path = System/Library/Frameworks/CFNetwork.framework; sourceTree = SDKROOT; };
		94C0FB9119CA0AA900E2C5BC /* libz.dylib */ = {isa = PBXFileReference; lastKnownFileType = "compiled.mach-o.dylib"; name = libz.dylib; path = usr/lib/libz.dylib; sourceTree = SDKROOT; };
		94C0FB9319CA0AB400E2C5BC /* MobileCoreServices.framework */ = {isa = PBXFileReference; lastKnownFileType = wrapper.framework; name = MobileCoreServices.framework; path = System/Library/Frameworks/MobileCoreServices.framework; sourceTree = SDKROOT; };
		94C0FB9519CA0AC200E2C5BC /* StoreKit.framework */ = {isa = PBXFileReference; lastKnownFileType = wrapper.framework; name = StoreKit.framework; path = System/Library/Frameworks/StoreKit.framework; sourceTree = SDKROOT; };
		94C0FB9719CA0AD200E2C5BC /* Security.framework */ = {isa = PBXFileReference; lastKnownFileType = wrapper.framework; name = Security.framework; path = System/Library/Frameworks/Security.framework; sourceTree = SDKROOT; };
		94C0FB9919CA0ADC00E2C5BC /* SystemConfiguration.framework */ = {isa = PBXFileReference; lastKnownFileType = wrapper.framework; name = SystemConfiguration.framework; path = System/Library/Frameworks/SystemConfiguration.framework; sourceTree = SDKROOT; };
		94EBA82619D1E66900D390C0 /* RT_nuvenzinhas.png */ = {isa = PBXFileReference; lastKnownFileType = image.png; path = RT_nuvenzinhas.png; sourceTree = "<group>"; };
		94F46EEC19D1EA960066BC33 /* Nuvens.atlas */ = {isa = PBXFileReference; lastKnownFileType = folder.skatlas; path = Nuvens.atlas; sourceTree = "<group>"; };
		94FA409919D3596800D60E24 /* RTHUD.h */ = {isa = PBXFileReference; fileEncoding = 4; lastKnownFileType = sourcecode.c.h; path = RTHUD.h; sourceTree = "<group>"; };
		94FA409A19D3596800D60E24 /* RTHUD.m */ = {isa = PBXFileReference; fileEncoding = 4; lastKnownFileType = sourcecode.c.objc; path = RTHUD.m; sourceTree = "<group>"; };
		94FA409C19D35B6100D60E24 /* HUD_barrinha.png */ = {isa = PBXFileReference; lastKnownFileType = image.png; path = HUD_barrinha.png; sourceTree = "<group>"; };
		C5B3791319D0B5DC00E07DA2 /* RTNuvem.h */ = {isa = PBXFileReference; fileEncoding = 4; lastKnownFileType = sourcecode.c.h; path = RTNuvem.h; sourceTree = "<group>"; };
		C5B3791419D0B5DC00E07DA2 /* RTNuvem.m */ = {isa = PBXFileReference; fileEncoding = 4; lastKnownFileType = sourcecode.c.objc; path = RTNuvem.m; sourceTree = "<group>"; };
		C5B3791819D0BAB900E07DA2 /* RTNuvenzinhas.png */ = {isa = PBXFileReference; lastKnownFileType = image.png; path = RTNuvenzinhas.png; sourceTree = "<group>"; };
		C5B85A4719CDDABD00446492 /* Reachability.h */ = {isa = PBXFileReference; fileEncoding = 4; lastKnownFileType = sourcecode.c.h; path = Reachability.h; sourceTree = "<group>"; };
		C5B85A4819CDDABD00446492 /* Reachability.m */ = {isa = PBXFileReference; fileEncoding = 4; lastKnownFileType = sourcecode.c.objc; path = Reachability.m; sourceTree = "<group>"; };
		C5B85A4B19CDDAD000446492 /* Usuario.h */ = {isa = PBXFileReference; fileEncoding = 4; lastKnownFileType = sourcecode.c.h; path = Usuario.h; sourceTree = "<group>"; };
		C5B85A4C19CDDAD000446492 /* Usuario.m */ = {isa = PBXFileReference; fileEncoding = 4; lastKnownFileType = sourcecode.c.objc; path = Usuario.m; sourceTree = "<group>"; };
		C5B85A4E19CDDB0200446492 /* RTUteis.h */ = {isa = PBXFileReference; fileEncoding = 4; lastKnownFileType = sourcecode.c.h; path = RTUteis.h; sourceTree = "<group>"; };
		C5B85A4F19CDDB0200446492 /* RTUteis.m */ = {isa = PBXFileReference; fileEncoding = 4; lastKnownFileType = sourcecode.c.objc; path = RTUteis.m; sourceTree = "<group>"; };
		C5F8526A19CC82E800C6A0A4 /* Musica.h */ = {isa = PBXFileReference; fileEncoding = 4; lastKnownFileType = sourcecode.c.h; path = Musica.h; sourceTree = "<group>"; };
		C5F8526B19CC82E800C6A0A4 /* Musica.m */ = {isa = PBXFileReference; fileEncoding = 4; lastKnownFileType = sourcecode.c.objc; path = Musica.m; sourceTree = "<group>"; };
		C5F8526E19CC833900C6A0A4 /* RTBarraStatus.h */ = {isa = PBXFileReference; fileEncoding = 4; lastKnownFileType = sourcecode.c.h; path = RTBarraStatus.h; sourceTree = "<group>"; };
		C5F8526F19CC833900C6A0A4 /* RTBarraStatus.m */ = {isa = PBXFileReference; fileEncoding = 4; lastKnownFileType = sourcecode.c.objc; path = RTBarraStatus.m; sourceTree = "<group>"; };
		CDEA606919C8B8340099EEA7 /* RTJogador.h */ = {isa = PBXFileReference; fileEncoding = 4; lastKnownFileType = sourcecode.c.h; path = RTJogador.h; sourceTree = "<group>"; };
		CDEA606A19C8B8340099EEA7 /* RTJogador.m */ = {isa = PBXFileReference; fileEncoding = 4; lastKnownFileType = sourcecode.c.objc; path = RTJogador.m; sourceTree = "<group>"; };
		CDEA606C19C8BBAF0099EEA7 /* RTViewController.h */ = {isa = PBXFileReference; fileEncoding = 4; lastKnownFileType = sourcecode.c.h; path = RTViewController.h; sourceTree = "<group>"; };
		CDEA606D19C8BBAF0099EEA7 /* RTViewController.m */ = {isa = PBXFileReference; fileEncoding = 4; lastKnownFileType = sourcecode.c.objc; path = RTViewController.m; sourceTree = "<group>"; };
		CDEA607019C8BBCA0099EEA7 /* RTCenaMenu.h */ = {isa = PBXFileReference; fileEncoding = 4; lastKnownFileType = sourcecode.c.h; path = RTCenaMenu.h; sourceTree = "<group>"; };
		CDEA607119C8BBCA0099EEA7 /* RTCenaMenu.m */ = {isa = PBXFileReference; fileEncoding = 4; lastKnownFileType = sourcecode.c.objc; path = RTCenaMenu.m; sourceTree = "<group>"; };
		CDEA607319C8BBD90099EEA7 /* RTCenaJogo.h */ = {isa = PBXFileReference; fileEncoding = 4; lastKnownFileType = sourcecode.c.h; path = RTCenaJogo.h; sourceTree = "<group>"; };
		CDEA607419C8BBD90099EEA7 /* RTCenaJogo.m */ = {isa = PBXFileReference; fileEncoding = 4; lastKnownFileType = sourcecode.c.objc; path = RTCenaJogo.m; sourceTree = "<group>"; };
		CDEA607919C8BC160099EEA7 /* RTMusica.h */ = {isa = PBXFileReference; fileEncoding = 4; lastKnownFileType = sourcecode.c.h; path = RTMusica.h; sourceTree = "<group>"; };
		CDEA607A19C8BC160099EEA7 /* RTMusica.m */ = {isa = PBXFileReference; fileEncoding = 4; lastKnownFileType = sourcecode.c.objc; path = RTMusica.m; sourceTree = "<group>"; };
		CDEA607C19C8BC240099EEA7 /* RTNota.h */ = {isa = PBXFileReference; fileEncoding = 4; lastKnownFileType = sourcecode.c.h; path = RTNota.h; sourceTree = "<group>"; };
		CDEA607D19C8BC240099EEA7 /* RTNota.m */ = {isa = PBXFileReference; fileEncoding = 4; lastKnownFileType = sourcecode.c.objc; path = RTNota.m; sourceTree = "<group>"; };
/* End PBXFileReference section */

/* Begin PBXFrameworksBuildPhase section */
		7531154A19C8B55F00EC3955 /* Frameworks */ = {
			isa = PBXFrameworksBuildPhase;
			buildActionMask = 2147483647;
			files = (
				94C0FB9A19CA0ADC00E2C5BC /* SystemConfiguration.framework in Frameworks */,
				94C0FB9819CA0AD200E2C5BC /* Security.framework in Frameworks */,
				94C0FB9619CA0AC200E2C5BC /* StoreKit.framework in Frameworks */,
				94C0FB9419CA0AB400E2C5BC /* MobileCoreServices.framework in Frameworks */,
				94C0FB9219CA0AA900E2C5BC /* libz.dylib in Frameworks */,
				94C0FB9019CA0A7500E2C5BC /* CFNetwork.framework in Frameworks */,
				94C0FB8E19CA0A6A00E2C5BC /* AudioToolbox.framework in Frameworks */,
				94C0FB8419CA04B200E2C5BC /* Bolts.framework in Frameworks */,
				7531155719C8B55F00EC3955 /* CoreData.framework in Frameworks */,
				94C0FB8819CA04C600E2C5BC /* Parse.framework in Frameworks */,
				7531155519C8B55F00EC3955 /* UIKit.framework in Frameworks */,
				7531155119C8B55F00EC3955 /* Foundation.framework in Frameworks */,
				94C0FB8919CA04C600E2C5BC /* ParseFacebookUtils.framework in Frameworks */,
				94C0FB8519CA04B200E2C5BC /* FacebookSDK.framework in Frameworks */,
			);
			runOnlyForDeploymentPostprocessing = 0;
		};
		7531156A19C8B55F00EC3955 /* Frameworks */ = {
			isa = PBXFrameworksBuildPhase;
			buildActionMask = 2147483647;
			files = (
				7531156F19C8B55F00EC3955 /* XCTest.framework in Frameworks */,
				7531157219C8B55F00EC3955 /* CoreData.framework in Frameworks */,
				7531157119C8B55F00EC3955 /* UIKit.framework in Frameworks */,
				7531157019C8B55F00EC3955 /* Foundation.framework in Frameworks */,
			);
			runOnlyForDeploymentPostprocessing = 0;
		};
/* End PBXFrameworksBuildPhase section */

/* Begin PBXGroup section */
		7503FFE819D9F616004A4078 /* BotoesB2 */ = {
			isa = PBXGroup;
			children = (
				7503FFE919D9F616004A4078 /* botaoDireita.atlas */,
				7503FFEA19D9F616004A4078 /* botaoEsquerda.atlas */,
				7503FFEB19D9F616004A4078 /* botaoPlay.atlas */,
			);
			path = BotoesB2;
			sourceTree = "<group>";
		};
		7503FFEF19D9F632004A4078 /* B2 */ = {
			isa = PBXGroup;
			children = (
				7503FFF019D9F66B004A4078 /* B2_Body.png */,
				7503FFE619D9F5FD004A4078 /* B2_Animacao.atlas */,
			);
			name = B2;
			path = BotoesB2;
			sourceTree = "<group>";
		};
		7531154419C8B55F00EC3955 = {
			isa = PBXGroup;
			children = (
				7531154F19C8B55F00EC3955 /* Frameworks */,
				7531154E19C8B55F00EC3955 /* Products */,
				7531155819C8B55F00EC3955 /* Robotunes */,
				7531157519C8B55F00EC3955 /* RobotunesTests */,
			);
			sourceTree = "<group>";
		};
		7531154E19C8B55F00EC3955 /* Products */ = {
			isa = PBXGroup;
			children = (
				7531154D19C8B55F00EC3955 /* Robotunes.app */,
				7531156D19C8B55F00EC3955 /* RobotunesTests.xctest */,
			);
			name = Products;
			sourceTree = "<group>";
		};
		7531154F19C8B55F00EC3955 /* Frameworks */ = {
			isa = PBXGroup;
			children = (
				94C0FB9919CA0ADC00E2C5BC /* SystemConfiguration.framework */,
				94C0FB9719CA0AD200E2C5BC /* Security.framework */,
				94C0FB9519CA0AC200E2C5BC /* StoreKit.framework */,
				94C0FB9319CA0AB400E2C5BC /* MobileCoreServices.framework */,
				94C0FB9119CA0AA900E2C5BC /* libz.dylib */,
				94C0FB8F19CA0A7400E2C5BC /* CFNetwork.framework */,
				94C0FB8D19CA0A6A00E2C5BC /* AudioToolbox.framework */,
				94C0FB8619CA04C600E2C5BC /* Parse.framework */,
				94C0FB8719CA04C600E2C5BC /* ParseFacebookUtils.framework */,
				94C0FB8219CA04B200E2C5BC /* Bolts.framework */,
				94C0FB8319CA04B200E2C5BC /* FacebookSDK.framework */,
				7531155019C8B55F00EC3955 /* Foundation.framework */,
				7531155219C8B55F00EC3955 /* CoreGraphics.framework */,
				7531155419C8B55F00EC3955 /* UIKit.framework */,
				7531155619C8B55F00EC3955 /* CoreData.framework */,
				7531156E19C8B55F00EC3955 /* XCTest.framework */,
			);
			name = Frameworks;
			sourceTree = "<group>";
		};
		7531155819C8B55F00EC3955 /* Robotunes */ = {
			isa = PBXGroup;
			children = (
				C5B85A4A19CDDAC100446492 /* Conectividade */,
				C5B85A5219CDDFE000446492 /* CoreData */,
				94B2661E19D20EA8005BAEC9 /* SKScenes */,
				7531156719C8B55F00EC3955 /* Images.xcassets */,
				7531156119C8B55F00EC3955 /* RTAppDelegate.h */,
				7531156219C8B55F00EC3955 /* RTAppDelegate.m */,
				C5F8526E19CC833900C6A0A4 /* RTBarraStatus.h */,
				C5F8526F19CC833900C6A0A4 /* RTBarraStatus.m */,
				94C0FB8A19CA052A00E2C5BC /* RTDadosParse.h */,
				94C0FB8B19CA052A00E2C5BC /* RTDadosParse.m */,
				CDEA606919C8B8340099EEA7 /* RTJogador.h */,
				CDEA606A19C8B8340099EEA7 /* RTJogador.m */,
				CDEA607919C8BC160099EEA7 /* RTMusica.h */,
				7503FFF219D9F95C004A4078 /* RTFacebook.h */,
				7503FFF319D9F95C004A4078 /* RTFacebook.m */,
				CDEA607A19C8BC160099EEA7 /* RTMusica.m */,
				CDEA607C19C8BC240099EEA7 /* RTNota.h */,
				CDEA607D19C8BC240099EEA7 /* RTNota.m */,
				7503FFE319D9F585004A4078 /* RTBotao.h */,
				7503FFE419D9F585004A4078 /* RTBotao.m */,
				C5B3791319D0B5DC00E07DA2 /* RTNuvem.h */,
				C5B3791419D0B5DC00E07DA2 /* RTNuvem.m */,
				C5B85A4E19CDDB0200446492 /* RTUteis.h */,
				C5B85A4F19CDDB0200446492 /* RTUteis.m */,
				94FA409919D3596800D60E24 /* RTHUD.h */,
				94FA409A19D3596800D60E24 /* RTHUD.m */,
				CDEA606C19C8BBAF0099EEA7 /* RTViewController.h */,
				CDEA606D19C8BBAF0099EEA7 /* RTViewController.m */,
				75F1603719DB2B7E00223506 /* RTRankingViewController.h */,
				75F1603819DB2B7E00223506 /* RTRankingViewController.m */,
				7531158A19C8C9F300EC3955 /* RTViewControllerTeste.h */,
				7531158B19C8C9F300EC3955 /* RTViewControllerTeste.m */,
				7531159119C8CCA200EC3955 /* Storyboard.storyboard */,
				7531155919C8B55F00EC3955 /* Supporting Files */,
			);
			path = Robotunes;
			sourceTree = "<group>";
		};
		7531155919C8B55F00EC3955 /* Supporting Files */ = {
			isa = PBXGroup;
			children = (
				9495973C19D5E01000226DF3 /* MUSICAS */,
				7598150519CB5B40003487E8 /* Imagens */,
				7531155A19C8B55F00EC3955 /* Robotunes-Info.plist */,
				7531155B19C8B55F00EC3955 /* InfoPlist.strings */,
				7531155E19C8B55F00EC3955 /* main.m */,
				7531156019C8B55F00EC3955 /* Robotunes-Prefix.pch */,
			);
			name = "Supporting Files";
			sourceTree = "<group>";
		};
		7531157519C8B55F00EC3955 /* RobotunesTests */ = {
			isa = PBXGroup;
			children = (
				7531157B19C8B55F00EC3955 /* RobotunesTests.m */,
				7531157619C8B55F00EC3955 /* Supporting Files */,
			);
			path = RobotunesTests;
			sourceTree = "<group>";
		};
		7531157619C8B55F00EC3955 /* Supporting Files */ = {
			isa = PBXGroup;
			children = (
				7531157719C8B55F00EC3955 /* RobotunesTests-Info.plist */,
				7531157819C8B55F00EC3955 /* InfoPlist.strings */,
			);
			name = "Supporting Files";
			sourceTree = "<group>";
		};
		7598150519CB5B40003487E8 /* Imagens */ = {
			isa = PBXGroup;
			children = (
				75F1603A19DB474F00223506 /* R1 */,
				7503FFEF19D9F632004A4078 /* B2 */,
				7503FFE819D9F616004A4078 /* BotoesB2 */,
				7503FFE119D9D294004A4078 /* Loading.atlas */,
				9495975A19D5E29900226DF3 /* chao.png */,
				9495975219D5E18900226DF3 /* CenaGameOver.atlas */,
				9495974919D5E03800226DF3 /* Notas */,
				94F46EEC19D1EA960066BC33 /* Nuvens.atlas */,
				C5B3791819D0BAB900E07DA2 /* RTNuvenzinhas.png */,
				7598150719CB5B40003487E8 /* RobotuneB2.png */,
				7598150819CB5B40003487E8 /* RobotuneR1.png */,
				7598150919CB5B40003487E8 /* RobotuneY3.png */,
				94EBA82619D1E66900D390C0 /* RT_nuvenzinhas.png */,
				94FA409C19D35B6100D60E24 /* HUD_barrinha.png */,
				9495975419D5E1EC00226DF3 /* logo.png */,
				9495975019D5E08000226DF3 /* Fundos1.atlas */,
				9495973819D5DFE300226DF3 /* Fundos.atlas */,
				9495973619D5DFDB00226DF3 /* Botoes.atlas */,
			);
			path = Imagens;
			sourceTree = "<group>";
		};
		75F1603A19DB474F00223506 /* R1 */ = {
			isa = PBXGroup;
			children = (
				75F1603B19DB474F00223506 /* animacaoR1.atlas */,
				75F1603C19DB474F00223506 /* R1_cabeca.png */,
				75F1603D19DB474F00223506 /* R1_corpo.png */,
			);
			path = R1;
			sourceTree = "<group>";
		};
		9495973C19D5E01000226DF3 /* MUSICAS */ = {
			isa = PBXGroup;
			children = (
				9495973D19D5E01000226DF3 /* Bicycle.mp3 */,
				9495973E19D5E01000226DF3 /* Carefree.mp3 */,
				9495973F19D5E01000226DF3 /* How it Begins.mp3 */,
				9495974019D5E01000226DF3 /* Licensas Musicas.txt */,
				9495974119D5E01000226DF3 /* New Friendly.mp3 */,
				9495974219D5E01000226DF3 /* Wallpaper.mp3 */,
			);
			path = MUSICAS;
			sourceTree = "<group>";
		};
		9495974919D5E03800226DF3 /* Notas */ = {
			isa = PBXGroup;
			children = (
				9495974B19D5E03800226DF3 /* Completas.atlas */,
				9495974D19D5E03800226DF3 /* Quebradas.atlas */,
			);
			path = Notas;
			sourceTree = "<group>";
		};
		94B2661E19D20EA8005BAEC9 /* SKScenes */ = {
			isa = PBXGroup;
			children = (
				CDEA607319C8BBD90099EEA7 /* RTCenaJogo.h */,
				CDEA607419C8BBD90099EEA7 /* RTCenaJogo.m */,
				CDEA607019C8BBCA0099EEA7 /* RTCenaMenu.h */,
				CDEA607119C8BBCA0099EEA7 /* RTCenaMenu.m */,
				94B2661B19D20E90005BAEC9 /* RTCenaGameOver.h */,
				94B2661C19D20E90005BAEC9 /* RTCenaGameOver.m */,
			);
			name = SKScenes;
			sourceTree = "<group>";
		};
		C5B85A4A19CDDAC100446492 /* Conectividade */ = {
			isa = PBXGroup;
			children = (
				C5B85A4719CDDABD00446492 /* Reachability.h */,
				C5B85A4819CDDABD00446492 /* Reachability.m */,
			);
			name = Conectividade;
			sourceTree = "<group>";
		};
		C5B85A5219CDDFE000446492 /* CoreData */ = {
			isa = PBXGroup;
			children = (
				7531156419C8B55F00EC3955 /* Robotunes.xcdatamodeld */,
				755FAE9019C8D5CE005A818D /* RTBancoDeDadosController.h */,
				755FAE9119C8D5CE005A818D /* RTBancoDeDadosController.m */,
				C5F8526D19CC82F100C6A0A4 /* EntidadesCoreData */,
			);
			name = CoreData;
			sourceTree = "<group>";
		};
		C5F8526D19CC82F100C6A0A4 /* EntidadesCoreData */ = {
			isa = PBXGroup;
			children = (
				C5F8526A19CC82E800C6A0A4 /* Musica.h */,
				C5F8526B19CC82E800C6A0A4 /* Musica.m */,
				C5B85A4B19CDDAD000446492 /* Usuario.h */,
				C5B85A4C19CDDAD000446492 /* Usuario.m */,
			);
			name = EntidadesCoreData;
			sourceTree = "<group>";
		};
/* End PBXGroup section */

/* Begin PBXNativeTarget section */
		7531154C19C8B55F00EC3955 /* Robotunes */ = {
			isa = PBXNativeTarget;
			buildConfigurationList = 7531157F19C8B55F00EC3955 /* Build configuration list for PBXNativeTarget "Robotunes" */;
			buildPhases = (
				7531154919C8B55F00EC3955 /* Sources */,
				7531154A19C8B55F00EC3955 /* Frameworks */,
				7531154B19C8B55F00EC3955 /* Resources */,
			);
			buildRules = (
			);
			dependencies = (
			);
			name = Robotunes;
			productName = Robotunes;
			productReference = 7531154D19C8B55F00EC3955 /* Robotunes.app */;
			productType = "com.apple.product-type.application";
		};
		7531156C19C8B55F00EC3955 /* RobotunesTests */ = {
			isa = PBXNativeTarget;
			buildConfigurationList = 7531158219C8B55F00EC3955 /* Build configuration list for PBXNativeTarget "RobotunesTests" */;
			buildPhases = (
				7531156919C8B55F00EC3955 /* Sources */,
				7531156A19C8B55F00EC3955 /* Frameworks */,
				7531156B19C8B55F00EC3955 /* Resources */,
			);
			buildRules = (
			);
			dependencies = (
				7531157419C8B55F00EC3955 /* PBXTargetDependency */,
			);
			name = RobotunesTests;
			productName = RobotunesTests;
			productReference = 7531156D19C8B55F00EC3955 /* RobotunesTests.xctest */;
			productType = "com.apple.product-type.bundle.unit-test";
		};
/* End PBXNativeTarget section */

/* Begin PBXProject section */
		7531154519C8B55F00EC3955 /* Project object */ = {
			isa = PBXProject;
			attributes = {
				CLASSPREFIX = RT;
				LastUpgradeCheck = 0510;
				ORGANIZATIONNAME = "FELIPE TEOFILO SOUZA SANTOS";
				TargetAttributes = {
					7531156C19C8B55F00EC3955 = {
						TestTargetID = 7531154C19C8B55F00EC3955;
					};
				};
			};
			buildConfigurationList = 7531154819C8B55F00EC3955 /* Build configuration list for PBXProject "Robotunes" */;
			compatibilityVersion = "Xcode 3.2";
			developmentRegion = English;
			hasScannedForEncodings = 0;
			knownRegions = (
				en,
			);
			mainGroup = 7531154419C8B55F00EC3955;
			productRefGroup = 7531154E19C8B55F00EC3955 /* Products */;
			projectDirPath = "";
			projectRoot = "";
			targets = (
				7531154C19C8B55F00EC3955 /* Robotunes */,
				7531156C19C8B55F00EC3955 /* RobotunesTests */,
			);
		};
/* End PBXProject section */

/* Begin PBXResourcesBuildPhase section */
		7531154B19C8B55F00EC3955 /* Resources */ = {
			isa = PBXResourcesBuildPhase;
			buildActionMask = 2147483647;
			files = (
				9495975119D5E08000226DF3 /* Fundos1.atlas in Resources */,
				9495975519D5E1EC00226DF3 /* logo.png in Resources */,
				9495975B19D5E29900226DF3 /* chao.png in Resources */,
				C5B3791919D0BAB900E07DA2 /* RTNuvenzinhas.png in Resources */,
				7503FFE719D9F5FD004A4078 /* B2_Animacao.atlas in Resources */,
				9495974319D5E01000226DF3 /* Bicycle.mp3 in Resources */,
				9495973919D5DFE300226DF3 /* Fundos.atlas in Resources */,
				9495975319D5E18900226DF3 /* CenaGameOver.atlas in Resources */,
				7503FFEC19D9F616004A4078 /* botaoDireita.atlas in Resources */,
				94FA409D19D35B6100D60E24 /* HUD_barrinha.png in Resources */,
				7598150B19CB5B40003487E8 /* RobotuneB2.png in Resources */,
				9495974519D5E01000226DF3 /* How it Begins.mp3 in Resources */,
				75F1603E19DB474F00223506 /* animacaoR1.atlas in Resources */,
				9495973719D5DFDB00226DF3 /* Botoes.atlas in Resources */,
				9495974819D5E01000226DF3 /* Wallpaper.mp3 in Resources */,
				7598150C19CB5B40003487E8 /* RobotuneR1.png in Resources */,
				7503FFEE19D9F616004A4078 /* botaoPlay.atlas in Resources */,
				75F1603F19DB474F00223506 /* R1_cabeca.png in Resources */,
				7503FFE219D9D294004A4078 /* Loading.atlas in Resources */,
				9495974419D5E01000226DF3 /* Carefree.mp3 in Resources */,
				7531155D19C8B55F00EC3955 /* InfoPlist.strings in Resources */,
				75F1604019DB474F00223506 /* R1_corpo.png in Resources */,
				7598150D19CB5B40003487E8 /* RobotuneY3.png in Resources */,
				7531156819C8B55F00EC3955 /* Images.xcassets in Resources */,
				9495974F19D5E03800226DF3 /* Quebradas.atlas in Resources */,
				9495974E19D5E03800226DF3 /* Completas.atlas in Resources */,
				9495974719D5E01000226DF3 /* New Friendly.mp3 in Resources */,
				7503FFED19D9F616004A4078 /* botaoEsquerda.atlas in Resources */,
				7531159219C8CCA200EC3955 /* Storyboard.storyboard in Resources */,
				9495974619D5E01000226DF3 /* Licensas Musicas.txt in Resources */,
				94EBA82719D1E66900D390C0 /* RT_nuvenzinhas.png in Resources */,
				94F46EED19D1EA960066BC33 /* Nuvens.atlas in Resources */,
				7503FFF119D9F66B004A4078 /* B2_Body.png in Resources */,
			);
			runOnlyForDeploymentPostprocessing = 0;
		};
		7531156B19C8B55F00EC3955 /* Resources */ = {
			isa = PBXResourcesBuildPhase;
			buildActionMask = 2147483647;
			files = (
				7531157A19C8B55F00EC3955 /* InfoPlist.strings in Resources */,
			);
			runOnlyForDeploymentPostprocessing = 0;
		};
/* End PBXResourcesBuildPhase section */

/* Begin PBXSourcesBuildPhase section */
		7531154919C8B55F00EC3955 /* Sources */ = {
			isa = PBXSourcesBuildPhase;
			buildActionMask = 2147483647;
			files = (
				7531156619C8B55F00EC3955 /* Robotunes.xcdatamodeld in Sources */,
				CDEA607519C8BBD90099EEA7 /* RTCenaJogo.m in Sources */,
				755FAE9219C8D5CE005A818D /* RTBancoDeDadosController.m in Sources */,
				7531156319C8B55F00EC3955 /* RTAppDelegate.m in Sources */,
				C5B85A4919CDDABD00446492 /* Reachability.m in Sources */,
				7503FFF419D9F95C004A4078 /* RTFacebook.m in Sources */,
				7503FFE519D9F585004A4078 /* RTBotao.m in Sources */,
				CDEA607E19C8BC240099EEA7 /* RTNota.m in Sources */,
				75F1603919DB2B7E00223506 /* RTRankingViewController.m in Sources */,
				94B2661D19D20E90005BAEC9 /* RTCenaGameOver.m in Sources */,
				94C0FB8C19CA052A00E2C5BC /* RTDadosParse.m in Sources */,
				C5F8526C19CC82E800C6A0A4 /* Musica.m in Sources */,
				94FA409B19D3596800D60E24 /* RTHUD.m in Sources */,
				CDEA606B19C8B8340099EEA7 /* RTJogador.m in Sources */,
				7531158C19C8C9F300EC3955 /* RTViewControllerTeste.m in Sources */,
				CDEA607219C8BBCA0099EEA7 /* RTCenaMenu.m in Sources */,
				CDEA607B19C8BC160099EEA7 /* RTMusica.m in Sources */,
				C5B85A4D19CDDAD000446492 /* Usuario.m in Sources */,
				C5B85A5019CDDB0200446492 /* RTUteis.m in Sources */,
				7531155F19C8B55F00EC3955 /* main.m in Sources */,
				C5F8527019CC833900C6A0A4 /* RTBarraStatus.m in Sources */,
				CDEA606E19C8BBAF0099EEA7 /* RTViewController.m in Sources */,
				C5B3791519D0B5DC00E07DA2 /* RTNuvem.m in Sources */,
			);
			runOnlyForDeploymentPostprocessing = 0;
		};
		7531156919C8B55F00EC3955 /* Sources */ = {
			isa = PBXSourcesBuildPhase;
			buildActionMask = 2147483647;
			files = (
				7531157C19C8B55F00EC3955 /* RobotunesTests.m in Sources */,
			);
			runOnlyForDeploymentPostprocessing = 0;
		};
/* End PBXSourcesBuildPhase section */

/* Begin PBXTargetDependency section */
		7531157419C8B55F00EC3955 /* PBXTargetDependency */ = {
			isa = PBXTargetDependency;
			target = 7531154C19C8B55F00EC3955 /* Robotunes */;
			targetProxy = 7531157319C8B55F00EC3955 /* PBXContainerItemProxy */;
		};
/* End PBXTargetDependency section */

/* Begin PBXVariantGroup section */
		7531155B19C8B55F00EC3955 /* InfoPlist.strings */ = {
			isa = PBXVariantGroup;
			children = (
				7531155C19C8B55F00EC3955 /* en */,
			);
			name = InfoPlist.strings;
			sourceTree = "<group>";
		};
		7531157819C8B55F00EC3955 /* InfoPlist.strings */ = {
			isa = PBXVariantGroup;
			children = (
				7531157919C8B55F00EC3955 /* en */,
			);
			name = InfoPlist.strings;
			sourceTree = "<group>";
		};
/* End PBXVariantGroup section */

/* Begin XCBuildConfiguration section */
		7531157D19C8B55F00EC3955 /* Debug */ = {
			isa = XCBuildConfiguration;
			buildSettings = {
				ALWAYS_SEARCH_USER_PATHS = NO;
				CLANG_CXX_LANGUAGE_STANDARD = "gnu++0x";
				CLANG_CXX_LIBRARY = "libc++";
				CLANG_ENABLE_MODULES = YES;
				CLANG_ENABLE_OBJC_ARC = YES;
				CLANG_WARN_BOOL_CONVERSION = YES;
				CLANG_WARN_CONSTANT_CONVERSION = YES;
				CLANG_WARN_DIRECT_OBJC_ISA_USAGE = YES_ERROR;
				CLANG_WARN_EMPTY_BODY = YES;
				CLANG_WARN_ENUM_CONVERSION = YES;
				CLANG_WARN_INT_CONVERSION = YES;
				CLANG_WARN_OBJC_ROOT_CLASS = YES_ERROR;
				CLANG_WARN__DUPLICATE_METHOD_MATCH = YES;
				"CODE_SIGN_IDENTITY[sdk=iphoneos*]" = "iPhone Developer";
				COPY_PHASE_STRIP = NO;
				GCC_C_LANGUAGE_STANDARD = gnu99;
				GCC_DYNAMIC_NO_PIC = NO;
				GCC_OPTIMIZATION_LEVEL = 0;
				GCC_PREPROCESSOR_DEFINITIONS = (
					"DEBUG=1",
					"$(inherited)",
				);
				GCC_SYMBOLS_PRIVATE_EXTERN = NO;
				GCC_WARN_64_TO_32_BIT_CONVERSION = YES;
				GCC_WARN_ABOUT_RETURN_TYPE = YES_ERROR;
				GCC_WARN_UNDECLARED_SELECTOR = YES;
				GCC_WARN_UNINITIALIZED_AUTOS = YES_AGGRESSIVE;
				GCC_WARN_UNUSED_FUNCTION = YES;
				GCC_WARN_UNUSED_VARIABLE = YES;
				IPHONEOS_DEPLOYMENT_TARGET = 7.1;
				ONLY_ACTIVE_ARCH = YES;
				SDKROOT = iphoneos;
				TARGETED_DEVICE_FAMILY = "1,2";
			};
			name = Debug;
		};
		7531157E19C8B55F00EC3955 /* Release */ = {
			isa = XCBuildConfiguration;
			buildSettings = {
				ALWAYS_SEARCH_USER_PATHS = NO;
				CLANG_CXX_LANGUAGE_STANDARD = "gnu++0x";
				CLANG_CXX_LIBRARY = "libc++";
				CLANG_ENABLE_MODULES = YES;
				CLANG_ENABLE_OBJC_ARC = YES;
				CLANG_WARN_BOOL_CONVERSION = YES;
				CLANG_WARN_CONSTANT_CONVERSION = YES;
				CLANG_WARN_DIRECT_OBJC_ISA_USAGE = YES_ERROR;
				CLANG_WARN_EMPTY_BODY = YES;
				CLANG_WARN_ENUM_CONVERSION = YES;
				CLANG_WARN_INT_CONVERSION = YES;
				CLANG_WARN_OBJC_ROOT_CLASS = YES_ERROR;
				CLANG_WARN__DUPLICATE_METHOD_MATCH = YES;
				"CODE_SIGN_IDENTITY[sdk=iphoneos*]" = "iPhone Developer";
				COPY_PHASE_STRIP = YES;
				ENABLE_NS_ASSERTIONS = NO;
				GCC_C_LANGUAGE_STANDARD = gnu99;
				GCC_WARN_64_TO_32_BIT_CONVERSION = YES;
				GCC_WARN_ABOUT_RETURN_TYPE = YES_ERROR;
				GCC_WARN_UNDECLARED_SELECTOR = YES;
				GCC_WARN_UNINITIALIZED_AUTOS = YES_AGGRESSIVE;
				GCC_WARN_UNUSED_FUNCTION = YES;
				GCC_WARN_UNUSED_VARIABLE = YES;
				IPHONEOS_DEPLOYMENT_TARGET = 7.1;
				SDKROOT = iphoneos;
				TARGETED_DEVICE_FAMILY = "1,2";
				VALIDATE_PRODUCT = YES;
			};
			name = Release;
		};
		7531158019C8B55F00EC3955 /* Debug */ = {
			isa = XCBuildConfiguration;
			buildSettings = {
				ASSETCATALOG_COMPILER_APPICON_NAME = AppIcon;
				ASSETCATALOG_COMPILER_LAUNCHIMAGE_NAME = LaunchImage;
				FRAMEWORK_SEARCH_PATHS = (
					"$(inherited)",
					"$(PROJECT_DIR)/Robotunes/Frameworks/FacebookSDK",
					"$(PROJECT_DIR)/Robotunes/Frameworks/Parse",
				);
				GCC_PRECOMPILE_PREFIX_HEADER = YES;
				GCC_PREFIX_HEADER = "Robotunes/Robotunes-Prefix.pch";
				INFOPLIST_FILE = "Robotunes/Robotunes-Info.plist";
				IPHONEOS_DEPLOYMENT_TARGET = 7.1;
				PRODUCT_NAME = "$(TARGET_NAME)";
				TARGETED_DEVICE_FAMILY = "1,2";
				WRAPPER_EXTENSION = app;
			};
			name = Debug;
		};
		7531158119C8B55F00EC3955 /* Release */ = {
			isa = XCBuildConfiguration;
			buildSettings = {
				ASSETCATALOG_COMPILER_APPICON_NAME = AppIcon;
				ASSETCATALOG_COMPILER_LAUNCHIMAGE_NAME = LaunchImage;
				FRAMEWORK_SEARCH_PATHS = (
					"$(inherited)",
					"$(PROJECT_DIR)/Robotunes/Frameworks/FacebookSDK",
					"$(PROJECT_DIR)/Robotunes/Frameworks/Parse",
				);
				GCC_PRECOMPILE_PREFIX_HEADER = YES;
				GCC_PREFIX_HEADER = "Robotunes/Robotunes-Prefix.pch";
				INFOPLIST_FILE = "Robotunes/Robotunes-Info.plist";
				IPHONEOS_DEPLOYMENT_TARGET = 7.1;
				PRODUCT_NAME = "$(TARGET_NAME)";
				TARGETED_DEVICE_FAMILY = "1,2";
				WRAPPER_EXTENSION = app;
			};
			name = Release;
		};
		7531158319C8B55F00EC3955 /* Debug */ = {
			isa = XCBuildConfiguration;
			buildSettings = {
				BUNDLE_LOADER = "$(BUILT_PRODUCTS_DIR)/Robotunes.app/Robotunes";
				FRAMEWORK_SEARCH_PATHS = (
					"$(SDKROOT)/Developer/Library/Frameworks",
					"$(inherited)",
					"$(DEVELOPER_FRAMEWORKS_DIR)",
				);
				GCC_PRECOMPILE_PREFIX_HEADER = YES;
				GCC_PREFIX_HEADER = "Robotunes/Robotunes-Prefix.pch";
				GCC_PREPROCESSOR_DEFINITIONS = (
					"DEBUG=1",
					"$(inherited)",
				);
				INFOPLIST_FILE = "RobotunesTests/RobotunesTests-Info.plist";
				PRODUCT_NAME = "$(TARGET_NAME)";
				TEST_HOST = "$(BUNDLE_LOADER)";
				WRAPPER_EXTENSION = xctest;
			};
			name = Debug;
		};
		7531158419C8B55F00EC3955 /* Release */ = {
			isa = XCBuildConfiguration;
			buildSettings = {
				BUNDLE_LOADER = "$(BUILT_PRODUCTS_DIR)/Robotunes.app/Robotunes";
				FRAMEWORK_SEARCH_PATHS = (
					"$(SDKROOT)/Developer/Library/Frameworks",
					"$(inherited)",
					"$(DEVELOPER_FRAMEWORKS_DIR)",
				);
				GCC_PRECOMPILE_PREFIX_HEADER = YES;
				GCC_PREFIX_HEADER = "Robotunes/Robotunes-Prefix.pch";
				INFOPLIST_FILE = "RobotunesTests/RobotunesTests-Info.plist";
				PRODUCT_NAME = "$(TARGET_NAME)";
				TEST_HOST = "$(BUNDLE_LOADER)";
				WRAPPER_EXTENSION = xctest;
			};
			name = Release;
		};
/* End XCBuildConfiguration section */

/* Begin XCConfigurationList section */
		7531154819C8B55F00EC3955 /* Build configuration list for PBXProject "Robotunes" */ = {
			isa = XCConfigurationList;
			buildConfigurations = (
				7531157D19C8B55F00EC3955 /* Debug */,
				7531157E19C8B55F00EC3955 /* Release */,
			);
			defaultConfigurationIsVisible = 0;
			defaultConfigurationName = Release;
		};
		7531157F19C8B55F00EC3955 /* Build configuration list for PBXNativeTarget "Robotunes" */ = {
			isa = XCConfigurationList;
			buildConfigurations = (
				7531158019C8B55F00EC3955 /* Debug */,
				7531158119C8B55F00EC3955 /* Release */,
			);
			defaultConfigurationIsVisible = 0;
			defaultConfigurationName = Release;
		};
		7531158219C8B55F00EC3955 /* Build configuration list for PBXNativeTarget "RobotunesTests" */ = {
			isa = XCConfigurationList;
			buildConfigurations = (
				7531158319C8B55F00EC3955 /* Debug */,
				7531158419C8B55F00EC3955 /* Release */,
			);
			defaultConfigurationIsVisible = 0;
			defaultConfigurationName = Release;
		};
/* End XCConfigurationList section */

/* Begin XCVersionGroup section */
		7531156419C8B55F00EC3955 /* Robotunes.xcdatamodeld */ = {
			isa = XCVersionGroup;
			children = (
				7531156519C8B55F00EC3955 /* Robotunes.xcdatamodel */,
			);
			currentVersion = 7531156519C8B55F00EC3955 /* Robotunes.xcdatamodel */;
			path = Robotunes.xcdatamodeld;
			sourceTree = "<group>";
			versionGroupType = wrapper.xcdatamodel;
		};
/* End XCVersionGroup section */
	};
	rootObject = 7531154519C8B55F00EC3955 /* Project object */;
}
